
Microsoft Visual Studio Solution File, Format Version 12.00
# Visual Studio Version 16
VisualStudioVersion = 16.0.31005.135
MinimumVisualStudioVersion = 10.0.40219.1
Project("{FAE04EC0-301F-11D3-BF4B-00C04F79EFBC}") = "Test_CRMGuru", "Test_CRMGuru\Test_CRMGuru.csproj", "{2AF0D48A-595F-46E5-BAB4-C5FE93BEE06C}"
EndProject
Global
	GlobalSection(SolutionConfigurationPlatforms) = preSolution
		Debug|Any CPU = Debug|Any CPU
		Release|Any CPU = Release|Any CPU
	EndGlobalSection
	GlobalSection(ProjectConfigurationPlatforms) = postSolution
		{2AF0D48A-595F-46E5-BAB4-C5FE93BEE06C}.Debug|Any CPU.ActiveCfg = Debug|Any CPU
		{2AF0D48A-595F-46E5-BAB4-C5FE93BEE06C}.Debug|Any CPU.Build.0 = Debug|Any CPU
		{2AF0D48A-595F-46E5-BAB4-C5FE93BEE06C}.Release|Any CPU.ActiveCfg = Release|Any CPU
		{2AF0D48A-595F-46E5-BAB4-C5FE93BEE06C}.Release|Any CPU.Build.0 = Release|Any CPU
	EndGlobalSection
	GlobalSection(SolutionProperties) = preSolution
		HideSolutionNode = FALSE
	EndGlobalSection
	GlobalSection(ExtensibilityGlobals) = postSolution
		SolutionGuid = {3548791F-0FEA-4F7C-B719-8C093E12DA27}
	EndGlobalSection
EndGlobal
